
Microsoft Visual Studio Solution File, Format Version 12.00
# Visual Studio Version 17
VisualStudioVersion = 17.14.36930.0 d17.14
MinimumVisualStudioVersion = 10.0.40219.1
Project("{FAE04EC0-301F-11D3-BF4B-00C04F79EFBC}") = "Hw10A", "Hw10A\Hw10A.csproj", "{2CBBEA1D-9C5D-470A-A2F2-61F3FEBB62DD}"
EndProject
Global
	GlobalSection(SolutionConfigurationPlatforms) = preSolution
		Debug|Any CPU = Debug|Any CPU
		Release|Any CPU = Release|Any CPU
	EndGlobalSection
	GlobalSection(ProjectConfigurationPlatforms) = postSolution
		{2CBBEA1D-9C5D-470A-A2F2-61F3FEBB62DD}.Debug|Any CPU.ActiveCfg = Debug|Any CPU
		{2CBBEA1D-9C5D-470A-A2F2-61F3FEBB62DD}.Debug|Any CPU.Build.0 = Debug|Any CPU
		{2CBBEA1D-9C5D-470A-A2F2-61F3FEBB62DD}.Release|Any CPU.ActiveCfg = Release|Any CPU
		{2CBBEA1D-9C5D-470A-A2F2-61F3FEBB62DD}.Release|Any CPU.Build.0 = Release|Any CPU
	EndGlobalSection
	GlobalSection(SolutionProperties) = preSolution
		HideSolutionNode = FALSE
	EndGlobalSection
	GlobalSection(ExtensibilityGlobals) = postSolution
		SolutionGuid = {4C92F4D7-74B8-4E47-A985-E90E82C738D2}
	EndGlobalSection
EndGlobal
